// !$*UTF8*$!
{
	archiveVersion = 1;
	classes = {
	};
	objectVersion = 56;
	objects = {

/* Begin PBXBuildFile section */
		204462A12921B4420086A9E2 /* LandmarkApp.swift in Sources */ = {isa = PBXBuildFile; fileRef = 204462A02921B4420086A9E2 /* LandmarkApp.swift */; };
		204462A32921B4420086A9E2 /* ContentView.swift in Sources */ = {isa = PBXBuildFile; fileRef = 204462A22921B4420086A9E2 /* ContentView.swift */; };
		204462A52921B4450086A9E2 /* Assets.xcassets in Resources */ = {isa = PBXBuildFile; fileRef = 204462A42921B4450086A9E2 /* Assets.xcassets */; };
		204462A82921B4450086A9E2 /* Preview Assets.xcassets in Resources */ = {isa = PBXBuildFile; fileRef = 204462A72921B4450086A9E2 /* Preview Assets.xcassets */; };
		204462B22921B4450086A9E2 /* MyFirstAppTests.swift in Sources */ = {isa = PBXBuildFile; fileRef = 204462B12921B4450086A9E2 /* MyFirstAppTests.swift */; };
		204462BC2921B4450086A9E2 /* MyFirstAppUITests.swift in Sources */ = {isa = PBXBuildFile; fileRef = 204462BB2921B4450086A9E2 /* MyFirstAppUITests.swift */; };
		204462BE2921B4450086A9E2 /* MyFirstAppUITestsLaunchTests.swift in Sources */ = {isa = PBXBuildFile; fileRef = 204462BD2921B4450086A9E2 /* MyFirstAppUITestsLaunchTests.swift */; };
		208F54292921F94300A32BBD /* FavoriteButton.swift in Sources */ = {isa = PBXBuildFile; fileRef = 208F54282921F94300A32BBD /* FavoriteButton.swift */; };
		208F542E2922869200A32BBD /* HexagonParameters.swift in Sources */ = {isa = PBXBuildFile; fileRef = 208F542D2922869200A32BBD /* HexagonParameters.swift */; };
		208F5430292287D600A32BBD /* BadgeBackground.swift in Sources */ = {isa = PBXBuildFile; fileRef = 208F542F292287D600A32BBD /* BadgeBackground.swift */; };
		208F543229228D2A00A32BBD /* BadgeSymbol.swift in Sources */ = {isa = PBXBuildFile; fileRef = 208F543129228D2A00A32BBD /* BadgeSymbol.swift */; };
		208F543429228E1900A32BBD /* RotatedBadgeSymbol.swift in Sources */ = {isa = PBXBuildFile; fileRef = 208F543329228E1900A32BBD /* RotatedBadgeSymbol.swift */; };
		208F543629228EF000A32BBD /* Badge.swift in Sources */ = {isa = PBXBuildFile; fileRef = 208F543529228EF000A32BBD /* Badge.swift */; };
		20F70DA02921DAD20025E7C5 /* CircleImage.swift in Sources */ = {isa = PBXBuildFile; fileRef = 20F70D9F2921DAD20025E7C5 /* CircleImage.swift */; };
		20F70DA22921DC1F0025E7C5 /* MapView.swift in Sources */ = {isa = PBXBuildFile; fileRef = 20F70DA12921DC1F0025E7C5 /* MapView.swift */; };
		20F70DA42921E0580025E7C5 /* landmarkData.json in Resources */ = {isa = PBXBuildFile; fileRef = 20F70DA32921E0580025E7C5 /* landmarkData.json */; };
		20F70DA62921E0740025E7C5 /* Landmark.swift in Sources */ = {isa = PBXBuildFile; fileRef = 20F70DA52921E0740025E7C5 /* Landmark.swift */; };
		20F70DA82921E1C00025E7C5 /* ModelData.swift in Sources */ = {isa = PBXBuildFile; fileRef = 20F70DA72921E1C00025E7C5 /* ModelData.swift */; };
		20F70DAE2921E5A00025E7C5 /* LandmarkRow.swift in Sources */ = {isa = PBXBuildFile; fileRef = 20F70DAD2921E5A00025E7C5 /* LandmarkRow.swift */; };
		20F70DB02921EA0B0025E7C5 /* LandmarkList.swift in Sources */ = {isa = PBXBuildFile; fileRef = 20F70DAF2921EA0B0025E7C5 /* LandmarkList.swift */; };
		20F70DB22921EB3E0025E7C5 /* LandmarkDetail.swift in Sources */ = {isa = PBXBuildFile; fileRef = 20F70DB12921EB3E0025E7C5 /* LandmarkDetail.swift */; };
/* End PBXBuildFile section */

/* Begin PBXContainerItemProxy section */
		204462AE2921B4450086A9E2 /* PBXContainerItemProxy */ = {
			isa = PBXContainerItemProxy;
			containerPortal = 204462952921B4420086A9E2 /* Project object */;
			proxyType = 1;
			remoteGlobalIDString = 2044629C2921B4420086A9E2;
			remoteInfo = MyFirstApp;
		};
		204462B82921B4450086A9E2 /* PBXContainerItemProxy */ = {
			isa = PBXContainerItemProxy;
			containerPortal = 204462952921B4420086A9E2 /* Project object */;
			proxyType = 1;
			remoteGlobalIDString = 2044629C2921B4420086A9E2;
			remoteInfo = MyFirstApp;
		};
/* End PBXContainerItemProxy section */

/* Begin PBXFileReference section */
		2044629D2921B4420086A9E2 /* MyFirstApp.app */ = {isa = PBXFileReference; explicitFileType = wrapper.application; includeInIndex = 0; path = MyFirstApp.app; sourceTree = BUILT_PRODUCTS_DIR; };
		204462A02921B4420086A9E2 /* LandmarkApp.swift */ = {isa = PBXFileReference; lastKnownFileType = sourcecode.swift; path = LandmarkApp.swift; sourceTree = "<group>"; };
		204462A22921B4420086A9E2 /* ContentView.swift */ = {isa = PBXFileReference; lastKnownFileType = sourcecode.swift; path = ContentView.swift; sourceTree = "<group>"; };
		204462A42921B4450086A9E2 /* Assets.xcassets */ = {isa = PBXFileReference; lastKnownFileType = folder.assetcatalog; path = Assets.xcassets; sourceTree = "<group>"; };
		204462A72921B4450086A9E2 /* Preview Assets.xcassets */ = {isa = PBXFileReference; lastKnownFileType = folder.assetcatalog; path = "Preview Assets.xcassets"; sourceTree = "<group>"; };
		204462AD2921B4450086A9E2 /* MyFirstAppTests.xctest */ = {isa = PBXFileReference; explicitFileType = wrapper.cfbundle; includeInIndex = 0; path = MyFirstAppTests.xctest; sourceTree = BUILT_PRODUCTS_DIR; };
		204462B12921B4450086A9E2 /* MyFirstAppTests.swift */ = {isa = PBXFileReference; lastKnownFileType = sourcecode.swift; path = MyFirstAppTests.swift; sourceTree = "<group>"; };
		204462B72921B4450086A9E2 /* MyFirstAppUITests.xctest */ = {isa = PBXFileReference; explicitFileType = wrapper.cfbundle; includeInIndex = 0; path = MyFirstAppUITests.xctest; sourceTree = BUILT_PRODUCTS_DIR; };
		204462BB2921B4450086A9E2 /* MyFirstAppUITests.swift */ = {isa = PBXFileReference; lastKnownFileType = sourcecode.swift; path = MyFirstAppUITests.swift; sourceTree = "<group>"; };
		204462BD2921B4450086A9E2 /* MyFirstAppUITestsLaunchTests.swift */ = {isa = PBXFileReference; lastKnownFileType = sourcecode.swift; path = MyFirstAppUITestsLaunchTests.swift; sourceTree = "<group>"; };
		208F54282921F94300A32BBD /* FavoriteButton.swift */ = {isa = PBXFileReference; lastKnownFileType = sourcecode.swift; path = FavoriteButton.swift; sourceTree = "<group>"; };
		208F542D2922869200A32BBD /* HexagonParameters.swift */ = {isa = PBXFileReference; lastKnownFileType = sourcecode.swift; path = HexagonParameters.swift; sourceTree = "<group>"; };
		208F542F292287D600A32BBD /* BadgeBackground.swift */ = {isa = PBXFileReference; lastKnownFileType = sourcecode.swift; path = BadgeBackground.swift; sourceTree = "<group>"; };
		208F543129228D2A00A32BBD /* BadgeSymbol.swift */ = {isa = PBXFileReference; lastKnownFileType = sourcecode.swift; path = BadgeSymbol.swift; sourceTree = "<group>"; };
		208F543329228E1900A32BBD /* RotatedBadgeSymbol.swift */ = {isa = PBXFileReference; lastKnownFileType = sourcecode.swift; path = RotatedBadgeSymbol.swift; sourceTree = "<group>"; };
		208F543529228EF000A32BBD /* Badge.swift */ = {isa = PBXFileReference; lastKnownFileType = sourcecode.swift; path = Badge.swift; sourceTree = "<group>"; };
		20F70D9F2921DAD20025E7C5 /* CircleImage.swift */ = {isa = PBXFileReference; lastKnownFileType = sourcecode.swift; path = CircleImage.swift; sourceTree = "<group>"; };
		20F70DA12921DC1F0025E7C5 /* MapView.swift */ = {isa = PBXFileReference; lastKnownFileType = sourcecode.swift; path = MapView.swift; sourceTree = "<group>"; };
		20F70DA32921E0580025E7C5 /* landmarkData.json */ = {isa = PBXFileReference; fileEncoding = 4; lastKnownFileType = text.json; path = landmarkData.json; sourceTree = "<group>"; };
		20F70DA52921E0740025E7C5 /* Landmark.swift */ = {isa = PBXFileReference; lastKnownFileType = sourcecode.swift; path = Landmark.swift; sourceTree = "<group>"; };
		20F70DA72921E1C00025E7C5 /* ModelData.swift */ = {isa = PBXFileReference; lastKnownFileType = sourcecode.swift; path = ModelData.swift; sourceTree = "<group>"; wrapsLines = 0; };
		20F70DAD2921E5A00025E7C5 /* LandmarkRow.swift */ = {isa = PBXFileReference; lastKnownFileType = sourcecode.swift; path = LandmarkRow.swift; sourceTree = "<group>"; };
		20F70DAF2921EA0B0025E7C5 /* LandmarkList.swift */ = {isa = PBXFileReference; lastKnownFileType = sourcecode.swift; path = LandmarkList.swift; sourceTree = "<group>"; };
		20F70DB12921EB3E0025E7C5 /* LandmarkDetail.swift */ = {isa = PBXFileReference; lastKnownFileType = sourcecode.swift; path = LandmarkDetail.swift; sourceTree = "<group>"; };
/* End PBXFileReference section */

/* Begin PBXFrameworksBuildPhase section */
		2044629A2921B4420086A9E2 /* Frameworks */ = {
			isa = PBXFrameworksBuildPhase;
			buildActionMask = 2147483647;
			files = (
			);
			runOnlyForDeploymentPostprocessing = 0;
		};
		204462AA2921B4450086A9E2 /* Frameworks */ = {
			isa = PBXFrameworksBuildPhase;
			buildActionMask = 2147483647;
			files = (
			);
			runOnlyForDeploymentPostprocessing = 0;
		};
		204462B42921B4450086A9E2 /* Frameworks */ = {
			isa = PBXFrameworksBuildPhase;
			buildActionMask = 2147483647;
			files = (
			);
			runOnlyForDeploymentPostprocessing = 0;
		};
/* End PBXFrameworksBuildPhase section */

/* Begin PBXGroup section */
		204462942921B4420086A9E2 = {
			isa = PBXGroup;
			children = (
				2044629F2921B4420086A9E2 /* MyFirstApp */,
				204462B02921B4450086A9E2 /* MyFirstAppTests */,
				204462BA2921B4450086A9E2 /* MyFirstAppUITests */,
				2044629E2921B4420086A9E2 /* Products */,
			);
			sourceTree = "<group>";
		};
		2044629E2921B4420086A9E2 /* Products */ = {
			isa = PBXGroup;
			children = (
				2044629D2921B4420086A9E2 /* MyFirstApp.app */,
				204462AD2921B4450086A9E2 /* MyFirstAppTests.xctest */,
				204462B72921B4450086A9E2 /* MyFirstAppUITests.xctest */,
			);
			name = Products;
			sourceTree = "<group>";
		};
		2044629F2921B4420086A9E2 /* MyFirstApp */ = {
			isa = PBXGroup;
			children = (
				204462A02921B4420086A9E2 /* LandmarkApp.swift */,
				20F70DA92921E2EB0025E7C5 /* Views */,
				20F70DAB2921E30B0025E7C5 /* Model */,
				20F70DAC2921E3170025E7C5 /* Resources */,
				204462A42921B4450086A9E2 /* Assets.xcassets */,
				204462A62921B4450086A9E2 /* Preview Content */,
			);
			path = MyFirstApp;
			sourceTree = "<group>";
		};
		204462A62921B4450086A9E2 /* Preview Content */ = {
			isa = PBXGroup;
			children = (
				204462A72921B4450086A9E2 /* Preview Assets.xcassets */,
			);
			path = "Preview Content";
			sourceTree = "<group>";
		};
		204462B02921B4450086A9E2 /* MyFirstAppTests */ = {
			isa = PBXGroup;
			children = (
				204462B12921B4450086A9E2 /* MyFirstAppTests.swift */,
			);
			path = MyFirstAppTests;
			sourceTree = "<group>";
		};
		204462BA2921B4450086A9E2 /* MyFirstAppUITests */ = {
			isa = PBXGroup;
			children = (
				204462BB2921B4450086A9E2 /* MyFirstAppUITests.swift */,
				204462BD2921B4450086A9E2 /* MyFirstAppUITestsLaunchTests.swift */,
			);
			path = MyFirstAppUITests;
			sourceTree = "<group>";
		};
		208F542B2921F9BE00A32BBD /* Landmarks */ = {
			isa = PBXGroup;
			children = (
				20F70DAD2921E5A00025E7C5 /* LandmarkRow.swift */,
				20F70DAF2921EA0B0025E7C5 /* LandmarkList.swift */,
				20F70DB12921EB3E0025E7C5 /* LandmarkDetail.swift */,
			);
			path = Landmarks;
			sourceTree = "<group>";
		};
		208F542C2921F9CD00A32BBD /* Helpers */ = {
			isa = PBXGroup;
			children = (
				208F54282921F94300A32BBD /* FavoriteButton.swift */,
				20F70D9F2921DAD20025E7C5 /* CircleImage.swift */,
				20F70DA12921DC1F0025E7C5 /* MapView.swift */,
			);
			path = Helpers;
			sourceTree = "<group>";
		};
		208F543729228EFC00A32BBD /* Badges */ = {
			isa = PBXGroup;
			children = (
				208F542D2922869200A32BBD /* HexagonParameters.swift */,
				208F542F292287D600A32BBD /* BadgeBackground.swift */,
				208F543129228D2A00A32BBD /* BadgeSymbol.swift */,
				208F543329228E1900A32BBD /* RotatedBadgeSymbol.swift */,
				208F543529228EF000A32BBD /* Badge.swift */,
			);
			path = Badges;
			sourceTree = "<group>";
		};
		20F70DA92921E2EB0025E7C5 /* Views */ = {
			isa = PBXGroup;
			children = (
				204462A22921B4420086A9E2 /* ContentView.swift */,
				208F542C2921F9CD00A32BBD /* Helpers */,
				208F542B2921F9BE00A32BBD /* Landmarks */,
				208F543729228EFC00A32BBD /* Badges */,
			);
			path = Views;
			sourceTree = "<group>";
		};
		20F70DAB2921E30B0025E7C5 /* Model */ = {
			isa = PBXGroup;
			children = (
				20F70DA52921E0740025E7C5 /* Landmark.swift */,
				20F70DA72921E1C00025E7C5 /* ModelData.swift */,
			);
			path = Model;
			sourceTree = "<group>";
		};
		20F70DAC2921E3170025E7C5 /* Resources */ = {
			isa = PBXGroup;
			children = (
				20F70DA32921E0580025E7C5 /* landmarkData.json */,
			);
			path = Resources;
			sourceTree = "<group>";
		};
/* End PBXGroup section */

/* Begin PBXNativeTarget section */
		2044629C2921B4420086A9E2 /* MyFirstApp */ = {
			isa = PBXNativeTarget;
			buildConfigurationList = 204462C12921B4450086A9E2 /* Build configuration list for PBXNativeTarget "MyFirstApp" */;
			buildPhases = (
				204462992921B4420086A9E2 /* Sources */,
				2044629A2921B4420086A9E2 /* Frameworks */,
				2044629B2921B4420086A9E2 /* Resources */,
			);
			buildRules = (
			);
			dependencies = (
			);
			name = MyFirstApp;
			productName = MyFirstApp;
			productReference = 2044629D2921B4420086A9E2 /* MyFirstApp.app */;
			productType = "com.apple.product-type.application";
		};
		204462AC2921B4450086A9E2 /* MyFirstAppTests */ = {
			isa = PBXNativeTarget;
			buildConfigurationList = 204462C42921B4450086A9E2 /* Build configuration list for PBXNativeTarget "MyFirstAppTests" */;
			buildPhases = (
				204462A92921B4450086A9E2 /* Sources */,
				204462AA2921B4450086A9E2 /* Frameworks */,
				204462AB2921B4450086A9E2 /* Resources */,
			);
			buildRules = (
			);
			dependencies = (
				204462AF2921B4450086A9E2 /* PBXTargetDependency */,
			);
			name = MyFirstAppTests;
			productName = MyFirstAppTests;
			productReference = 204462AD2921B4450086A9E2 /* MyFirstAppTests.xctest */;
			productType = "com.apple.product-type.bundle.unit-test";
		};
		204462B62921B4450086A9E2 /* MyFirstAppUITests */ = {
			isa = PBXNativeTarget;
			buildConfigurationList = 204462C72921B4450086A9E2 /* Build configuration list for PBXNativeTarget "MyFirstAppUITests" */;
			buildPhases = (
				204462B32921B4450086A9E2 /* Sources */,
				204462B42921B4450086A9E2 /* Frameworks */,
				204462B52921B4450086A9E2 /* Resources */,
			);
			buildRules = (
			);
			dependencies = (
				204462B92921B4450086A9E2 /* PBXTargetDependency */,
			);
			name = MyFirstAppUITests;
			productName = MyFirstAppUITests;
			productReference = 204462B72921B4450086A9E2 /* MyFirstAppUITests.xctest */;
			productType = "com.apple.product-type.bundle.ui-testing";
		};
/* End PBXNativeTarget section */

/* Begin PBXProject section */
		204462952921B4420086A9E2 /* Project object */ = {
			isa = PBXProject;
			attributes = {
				BuildIndependentTargetsInParallel = 1;
				LastSwiftUpdateCheck = 1400;
				LastUpgradeCheck = 1400;
				TargetAttributes = {
					2044629C2921B4420086A9E2 = {
						CreatedOnToolsVersion = 14.0.1;
					};
					204462AC2921B4450086A9E2 = {
						CreatedOnToolsVersion = 14.0.1;
						TestTargetID = 2044629C2921B4420086A9E2;
					};
					204462B62921B4450086A9E2 = {
						CreatedOnToolsVersion = 14.0.1;
						TestTargetID = 2044629C2921B4420086A9E2;
					};
				};
			};
			buildConfigurationList = 204462982921B4420086A9E2 /* Build configuration list for PBXProject "MyFirstApp" */;
			compatibilityVersion = "Xcode 14.0";
			developmentRegion = en;
			hasScannedForEncodings = 0;
			knownRegions = (
				en,
				Base,
			);
			mainGroup = 204462942921B4420086A9E2;
			productRefGroup = 2044629E2921B4420086A9E2 /* Products */;
			projectDirPath = "";
			projectRoot = "";
			targets = (
				2044629C2921B4420086A9E2 /* MyFirstApp */,
				204462AC2921B4450086A9E2 /* MyFirstAppTests */,
				204462B62921B4450086A9E2 /* MyFirstAppUITests */,
			);
		};
/* End PBXProject section */

/* Begin PBXResourcesBuildPhase section */
		2044629B2921B4420086A9E2 /* Resources */ = {
			isa = PBXResourcesBuildPhase;
			buildActionMask = 2147483647;
			files = (
				204462A82921B4450086A9E2 /* Preview Assets.xcassets in Resources */,
				204462A52921B4450086A9E2 /* Assets.xcassets in Resources */,
				20F70DA42921E0580025E7C5 /* landmarkData.json in Resources */,
			);
			runOnlyForDeploymentPostprocessing = 0;
		};
		204462AB2921B4450086A9E2 /* Resources */ = {
			isa = PBXResourcesBuildPhase;
			buildActionMask = 2147483647;
			files = (
			);
			runOnlyForDeploymentPostprocessing = 0;
		};
		204462B52921B4450086A9E2 /* Resources */ = {
			isa = PBXResourcesBuildPhase;
			buildActionMask = 2147483647;
			files = (
			);
			runOnlyForDeploymentPostprocessing = 0;
		};
/* End PBXResourcesBuildPhase section */

/* Begin PBXSourcesBuildPhase section */
		204462992921B4420086A9E2 /* Sources */ = {
			isa = PBXSourcesBuildPhase;
			buildActionMask = 2147483647;
			files = (
				204462A32921B4420086A9E2 /* ContentView.swift in Sources */,
				208F543629228EF000A32BBD /* Badge.swift in Sources */,
				20F70DA22921DC1F0025E7C5 /* MapView.swift in Sources */,
				20F70DA62921E0740025E7C5 /* Landmark.swift in Sources */,
				208F54292921F94300A32BBD /* FavoriteButton.swift in Sources */,
				208F542E2922869200A32BBD /* HexagonParameters.swift in Sources */,
				208F543429228E1900A32BBD /* RotatedBadgeSymbol.swift in Sources */,
				208F543229228D2A00A32BBD /* BadgeSymbol.swift in Sources */,
				20F70DB02921EA0B0025E7C5 /* LandmarkList.swift in Sources */,
				20F70DB22921EB3E0025E7C5 /* LandmarkDetail.swift in Sources */,
				208F5430292287D600A32BBD /* BadgeBackground.swift in Sources */,
				204462A12921B4420086A9E2 /* LandmarkApp.swift in Sources */,
				20F70DA02921DAD20025E7C5 /* CircleImage.swift in Sources */,
				20F70DAE2921E5A00025E7C5 /* LandmarkRow.swift in Sources */,
				20F70DA82921E1C00025E7C5 /* ModelData.swift in Sources */,
			);
			runOnlyForDeploymentPostprocessing = 0;
		};
		204462A92921B4450086A9E2 /* Sources */ = {
			isa = PBXSourcesBuildPhase;
			buildActionMask = 2147483647;
			files = (
				204462B22921B4450086A9E2 /* MyFirstAppTests.swift in Sources */,
			);
			runOnlyForDeploymentPostprocessing = 0;
		};
		204462B32921B4450086A9E2 /* Sources */ = {
			isa = PBXSourcesBuildPhase;
			buildActionMask = 2147483647;
			files = (
				204462BC2921B4450086A9E2 /* MyFirstAppUITests.swift in Sources */,
				204462BE2921B4450086A9E2 /* MyFirstAppUITestsLaunchTests.swift in Sources */,
			);
			runOnlyForDeploymentPostprocessing = 0;
		};
/* End PBXSourcesBuildPhase section */

/* Begin PBXTargetDependency section */
		204462AF2921B4450086A9E2 /* PBXTargetDependency */ = {
			isa = PBXTargetDependency;
			target = 2044629C2921B4420086A9E2 /* MyFirstApp */;
			targetProxy = 204462AE2921B4450086A9E2 /* PBXContainerItemProxy */;
		};
		204462B92921B4450086A9E2 /* PBXTargetDependency */ = {
			isa = PBXTargetDependency;
			target = 2044629C2921B4420086A9E2 /* MyFirstApp */;
			targetProxy = 204462B82921B4450086A9E2 /* PBXContainerItemProxy */;
		};
/* End PBXTargetDependency section */

/* Begin XCBuildConfiguration section */
		204462BF2921B4450086A9E2 /* Debug */ = {
			isa = XCBuildConfiguration;
			buildSettings = {
				ALWAYS_SEARCH_USER_PATHS = NO;
				CLANG_ANALYZER_NONNULL = YES;
				CLANG_ANALYZER_NUMBER_OBJECT_CONVERSION = YES_AGGRESSIVE;
				CLANG_CXX_LANGUAGE_STANDARD = "gnu++20";
				CLANG_ENABLE_MODULES = YES;
				CLANG_ENABLE_OBJC_ARC = YES;
				CLANG_ENABLE_OBJC_WEAK = YES;
				CLANG_WARN_BLOCK_CAPTURE_AUTORELEASING = YES;
				CLANG_WARN_BOOL_CONVERSION = YES;
				CLANG_WARN_COMMA = YES;
				CLANG_WARN_CONSTANT_CONVERSION = YES;
				CLANG_WARN_DEPRECATED_OBJC_IMPLEMENTATIONS = YES;
				CLANG_WARN_DIRECT_OBJC_ISA_USAGE = YES_ERROR;
				CLANG_WARN_DOCUMENTATION_COMMENTS = YES;
				CLANG_WARN_EMPTY_BODY = YES;
				CLANG_WARN_ENUM_CONVERSION = YES;
				CLANG_WARN_INFINITE_RECURSION = YES;
				CLANG_WARN_INT_CONVERSION = YES;
				CLANG_WARN_NON_LITERAL_NULL_CONVERSION = YES;
				CLANG_WARN_OBJC_IMPLICIT_RETAIN_SELF = YES;
				CLANG_WARN_OBJC_LITERAL_CONVERSION = YES;
				CLANG_WARN_OBJC_ROOT_CLASS = YES_ERROR;
				CLANG_WARN_QUOTED_INCLUDE_IN_FRAMEWORK_HEADER = YES;
				CLANG_WARN_RANGE_LOOP_ANALYSIS = YES;
				CLANG_WARN_STRICT_PROTOTYPES = YES;
				CLANG_WARN_SUSPICIOUS_MOVE = YES;
				CLANG_WARN_UNGUARDED_AVAILABILITY = YES_AGGRESSIVE;
				CLANG_WARN_UNREACHABLE_CODE = YES;
				CLANG_WARN__DUPLICATE_METHOD_MATCH = YES;
				COPY_PHASE_STRIP = NO;
				DEBUG_INFORMATION_FORMAT = dwarf;
				ENABLE_STRICT_OBJC_MSGSEND = YES;
				ENABLE_TESTABILITY = YES;
				GCC_C_LANGUAGE_STANDARD = gnu11;
				GCC_DYNAMIC_NO_PIC = NO;
				GCC_NO_COMMON_BLOCKS = YES;
				GCC_OPTIMIZATION_LEVEL = 0;
				GCC_PREPROCESSOR_DEFINITIONS = (
					"DEBUG=1",
					"$(inherited)",
				);
				GCC_WARN_64_TO_32_BIT_CONVERSION = YES;
				GCC_WARN_ABOUT_RETURN_TYPE = YES_ERROR;
				GCC_WARN_UNDECLARED_SELECTOR = YES;
				GCC_WARN_UNINITIALIZED_AUTOS = YES_AGGRESSIVE;
				GCC_WARN_UNUSED_FUNCTION = YES;
				GCC_WARN_UNUSED_VARIABLE = YES;
				IPHONEOS_DEPLOYMENT_TARGET = 16.0;
				MTL_ENABLE_DEBUG_INFO = INCLUDE_SOURCE;
				MTL_FAST_MATH = YES;
				ONLY_ACTIVE_ARCH = YES;
				SDKROOT = iphoneos;
				SWIFT_ACTIVE_COMPILATION_CONDITIONS = DEBUG;
				SWIFT_OPTIMIZATION_LEVEL = "-Onone";
			};
			name = Debug;
		};
		204462C02921B4450086A9E2 /* Release */ = {
			isa = XCBuildConfiguration;
			buildSettings = {
				ALWAYS_SEARCH_USER_PATHS = NO;
				CLANG_ANALYZER_NONNULL = YES;
				CLANG_ANALYZER_NUMBER_OBJECT_CONVERSION = YES_AGGRESSIVE;
				CLANG_CXX_LANGUAGE_STANDARD = "gnu++20";
				CLANG_ENABLE_MODULES = YES;
				CLANG_ENABLE_OBJC_ARC = YES;
				CLANG_ENABLE_OBJC_WEAK = YES;
				CLANG_WARN_BLOCK_CAPTURE_AUTORELEASING = YES;
				CLANG_WARN_BOOL_CONVERSION = YES;
				CLANG_WARN_COMMA = YES;
				CLANG_WARN_CONSTANT_CONVERSION = YES;
				CLANG_WARN_DEPRECATED_OBJC_IMPLEMENTATIONS = YES;
				CLANG_WARN_DIRECT_OBJC_ISA_USAGE = YES_ERROR;
				CLANG_WARN_DOCUMENTATION_COMMENTS = YES;
				CLANG_WARN_EMPTY_BODY = YES;
				CLANG_WARN_ENUM_CONVERSION = YES;
				CLANG_WARN_INFINITE_RECURSION = YES;
				CLANG_WARN_INT_CONVERSION = YES;
				CLANG_WARN_NON_LITERAL_NULL_CONVERSION = YES;
				CLANG_WARN_OBJC_IMPLICIT_RETAIN_SELF = YES;
				CLANG_WARN_OBJC_LITERAL_CONVERSION = YES;
				CLANG_WARN_OBJC_ROOT_CLASS = YES_ERROR;
				CLANG_WARN_QUOTED_INCLUDE_IN_FRAMEWORK_HEADER = YES;
				CLANG_WARN_RANGE_LOOP_ANALYSIS = YES;
				CLANG_WARN_STRICT_PROTOTYPES = YES;
				CLANG_WARN_SUSPICIOUS_MOVE = YES;
				CLANG_WARN_UNGUARDED_AVAILABILITY = YES_AGGRESSIVE;
				CLANG_WARN_UNREACHABLE_CODE = YES;
				CLANG_WARN__DUPLICATE_METHOD_MATCH = YES;
				COPY_PHASE_STRIP = NO;
				DEBUG_INFORMATION_FORMAT = "dwarf-with-dsym";
				ENABLE_NS_ASSERTIONS = NO;
				ENABLE_STRICT_OBJC_MSGSEND = YES;
				GCC_C_LANGUAGE_STANDARD = gnu11;
				GCC_NO_COMMON_BLOCKS = YES;
				GCC_WARN_64_TO_32_BIT_CONVERSION = YES;
				GCC_WARN_ABOUT_RETURN_TYPE = YES_ERROR;
				GCC_WARN_UNDECLARED_SELECTOR = YES;
				GCC_WARN_UNINITIALIZED_AUTOS = YES_AGGRESSIVE;
				GCC_WARN_UNUSED_FUNCTION = YES;
				GCC_WARN_UNUSED_VARIABLE = YES;
				IPHONEOS_DEPLOYMENT_TARGET = 16.0;
				MTL_ENABLE_DEBUG_INFO = NO;
				MTL_FAST_MATH = YES;
				SDKROOT = iphoneos;
				SWIFT_COMPILATION_MODE = wholemodule;
				SWIFT_OPTIMIZATION_LEVEL = "-O";
				VALIDATE_PRODUCT = YES;
			};
			name = Release;
		};
		204462C22921B4450086A9E2 /* Debug */ = {
			isa = XCBuildConfiguration;
			buildSettings = {
				ASSETCATALOG_COMPILER_APPICON_NAME = AppIcon;
				ASSETCATALOG_COMPILER_GLOBAL_ACCENT_COLOR_NAME = AccentColor;
				CODE_SIGN_STYLE = Automatic;
				CURRENT_PROJECT_VERSION = 1;
				DEVELOPMENT_ASSET_PATHS = "\"MyFirstApp/Preview Content\"";
				ENABLE_PREVIEWS = YES;
				GENERATE_INFOPLIST_FILE = YES;
				INFOPLIST_KEY_UIApplicationSceneManifest_Generation = YES;
				INFOPLIST_KEY_UIApplicationSupportsIndirectInputEvents = YES;
				INFOPLIST_KEY_UILaunchScreen_Generation = YES;
				INFOPLIST_KEY_UISupportedInterfaceOrientations_iPad = "UIInterfaceOrientationPortrait UIInterfaceOrientationPortraitUpsideDown UIInterfaceOrientationLandscapeLeft UIInterfaceOrientationLandscapeRight";
				INFOPLIST_KEY_UISupportedInterfaceOrientations_iPhone = "UIInterfaceOrientationPortrait UIInterfaceOrientationLandscapeLeft UIInterfaceOrientationLandscapeRight";
				LD_RUNPATH_SEARCH_PATHS = (
					"$(inherited)",
					"@executable_path/Frameworks",
				);
				MARKETING_VERSION = 1.0;
				PRODUCT_BUNDLE_IDENTIFIER = luin.MyFirstApp;
				PRODUCT_NAME = "$(TARGET_NAME)";
				SWIFT_EMIT_LOC_STRINGS = YES;
				SWIFT_VERSION = 5.0;
				TARGETED_DEVICE_FAMILY = "1,2";
			};
			name = Debug;
		};
		204462C32921B4450086A9E2 /* Release */ = {
			isa = XCBuildConfiguration;
			buildSettings = {
				ASSETCATALOG_COMPILER_APPICON_NAME = AppIcon;
				ASSETCATALOG_COMPILER_GLOBAL_ACCENT_COLOR_NAME = AccentColor;
				CODE_SIGN_STYLE = Automatic;
				CURRENT_PROJECT_VERSION = 1;
				DEVELOPMENT_ASSET_PATHS = "\"MyFirstApp/Preview Content\"";
				ENABLE_PREVIEWS = YES;
				GENERATE_INFOPLIST_FILE = YES;
				INFOPLIST_KEY_UIApplicationSceneManifest_Generation = YES;
				INFOPLIST_KEY_UIApplicationSupportsIndirectInputEvents = YES;
				INFOPLIST_KEY_UILaunchScreen_Generation = YES;
				INFOPLIST_KEY_UISupportedInterfaceOrientations_iPad = "UIInterfaceOrientationPortrait UIInterfaceOrientationPortraitUpsideDown UIInterfaceOrientationLandscapeLeft UIInterfaceOrientationLandscapeRight";
				INFOPLIST_KEY_UISupportedInterfaceOrientations_iPhone = "UIInterfaceOrientationPortrait UIInterfaceOrientationLandscapeLeft UIInterfaceOrientationLandscapeRight";
				LD_RUNPATH_SEARCH_PATHS = (
					"$(inherited)",
					"@executable_path/Frameworks",
				);
				MARKETING_VERSION = 1.0;
				PRODUCT_BUNDLE_IDENTIFIER = luin.MyFirstApp;
				PRODUCT_NAME = "$(TARGET_NAME)";
				SWIFT_EMIT_LOC_STRINGS = YES;
				SWIFT_VERSION = 5.0;
				TARGETED_DEVICE_FAMILY = "1,2";
			};
			name = Release;
		};
		204462C52921B4450086A9E2 /* Debug */ = {
			isa = XCBuildConfiguration;
			buildSettings = {
				ALWAYS_EMBED_SWIFT_STANDARD_LIBRARIES = YES;
				BUNDLE_LOADER = "$(TEST_HOST)";
				CODE_SIGN_STYLE = Automatic;
				CURRENT_PROJECT_VERSION = 1;
				GENERATE_INFOPLIST_FILE = YES;
				IPHONEOS_DEPLOYMENT_TARGET = 16.0;
				MARKETING_VERSION = 1.0;
				PRODUCT_BUNDLE_IDENTIFIER = luin.MyFirstAppTests;
				PRODUCT_NAME = "$(TARGET_NAME)";
				SWIFT_EMIT_LOC_STRINGS = NO;
				SWIFT_VERSION = 5.0;
				TARGETED_DEVICE_FAMILY = "1,2";
				TEST_HOST = "$(BUILT_PRODUCTS_DIR)/MyFirstApp.app/$(BUNDLE_EXECUTABLE_FOLDER_PATH)/MyFirstApp";
			};
			name = Debug;
		};
		204462C62921B4450086A9E2 /* Release */ = {
			isa = XCBuildConfiguration;
			buildSettings = {
				ALWAYS_EMBED_SWIFT_STANDARD_LIBRARIES = YES;
				BUNDLE_LOADER = "$(TEST_HOST)";
				CODE_SIGN_STYLE = Automatic;
				CURRENT_PROJECT_VERSION = 1;
				GENERATE_INFOPLIST_FILE = YES;
				IPHONEOS_DEPLOYMENT_TARGET = 16.0;
				MARKETING_VERSION = 1.0;
				PRODUCT_BUNDLE_IDENTIFIER = luin.MyFirstAppTests;
				PRODUCT_NAME = "$(TARGET_NAME)";
				SWIFT_EMIT_LOC_STRINGS = NO;
				SWIFT_VERSION = 5.0;
				TARGETED_DEVICE_FAMILY = "1,2";
				TEST_HOST = "$(BUILT_PRODUCTS_DIR)/MyFirstApp.app/$(BUNDLE_EXECUTABLE_FOLDER_PATH)/MyFirstApp";
			};
			name = Release;
		};
		204462C82921B4450086A9E2 /* Debug */ = {
			isa = XCBuildConfiguration;
			buildSettings = {
				ALWAYS_EMBED_SWIFT_STANDARD_LIBRARIES = YES;
				CODE_SIGN_STYLE = Automatic;
				CURRENT_PROJECT_VERSION = 1;
				GENERATE_INFOPLIST_FILE = YES;
				MARKETING_VERSION = 1.0;
				PRODUCT_BUNDLE_IDENTIFIER = luin.MyFirstAppUITests;
				PRODUCT_NAME = "$(TARGET_NAME)";
				SWIFT_EMIT_LOC_STRINGS = NO;
				SWIFT_VERSION = 5.0;
				TARGETED_DEVICE_FAMILY = "1,2";
				TEST_TARGET_NAME = MyFirstApp;
			};
			name = Debug;
		};
		204462C92921B4450086A9E2 /* Release */ = {
			isa = XCBuildConfiguration;
			buildSettings = {
				ALWAYS_EMBED_SWIFT_STANDARD_LIBRARIES = YES;
				CODE_SIGN_STYLE = Automatic;
				CURRENT_PROJECT_VERSION = 1;
				GENERATE_INFOPLIST_FILE = YES;
				MARKETING_VERSION = 1.0;
				PRODUCT_BUNDLE_IDENTIFIER = luin.MyFirstAppUITests;
				PRODUCT_NAME = "$(TARGET_NAME)";
				SWIFT_EMIT_LOC_STRINGS = NO;
				SWIFT_VERSION = 5.0;
				TARGETED_DEVICE_FAMILY = "1,2";
				TEST_TARGET_NAME = MyFirstApp;
			};
			name = Release;
		};
/* End XCBuildConfiguration section */

/* Begin XCConfigurationList section */
		204462982921B4420086A9E2 /* Build configuration list for PBXProject "MyFirstApp" */ = {
			isa = XCConfigurationList;
			buildConfigurations = (
				204462BF2921B4450086A9E2 /* Debug */,
				204462C02921B4450086A9E2 /* Release */,
			);
			defaultConfigurationIsVisible = 0;
			defaultConfigurationName = Release;
		};
		204462C12921B4450086A9E2 /* Build configuration list for PBXNativeTarget "MyFirstApp" */ = {
			isa = XCConfigurationList;
			buildConfigurations = (
				204462C22921B4450086A9E2 /* Debug */,
				204462C32921B4450086A9E2 /* Release */,
			);
			defaultConfigurationIsVisible = 0;
			defaultConfigurationName = Release;
		};
		204462C42921B4450086A9E2 /* Build configuration list for PBXNativeTarget "MyFirstAppTests" */ = {
			isa = XCConfigurationList;
			buildConfigurations = (
				204462C52921B4450086A9E2 /* Debug */,
				204462C62921B4450086A9E2 /* Release */,
			);
			defaultConfigurationIsVisible = 0;
			defaultConfigurationName = Release;
		};
		204462C72921B4450086A9E2 /* Build configuration list for PBXNativeTarget "MyFirstAppUITests" */ = {
			isa = XCConfigurationList;
			buildConfigurations = (
				204462C82921B4450086A9E2 /* Debug */,
				204462C92921B4450086A9E2 /* Release */,
			);
			defaultConfigurationIsVisible = 0;
			defaultConfigurationName = Release;
		};
/* End XCConfigurationList section */
	};
	rootObject = 204462952921B4420086A9E2 /* Project object */;
}
